
Microsoft Visual Studio Solution File, Format Version 12.00
# Visual Studio Version 17
VisualStudioVersion = 17.9.34723.18
MinimumVisualStudioVersion = 10.0.40219.1
Project("{FAE04EC0-301F-11D3-BF4B-00C04F79EFBC}") = "Lab4_1", "Lab4\Lab4_1.csproj", "{D7CAA6EE-DBB8-46CC-96E3-388DDCF70076}"
EndProject
Project("{FAE04EC0-301F-11D3-BF4B-00C04F79EFBC}") = "Lab4_2", "Lab4_bai2\Lab4_2.csproj", "{1B349C65-DF31-4B61-A64F-46B92A24D6CE}"
EndProject
Project("{FAE04EC0-301F-11D3-BF4B-00C04F79EFBC}") = "Lab4_3", "Lab4_3\Lab4_3.csproj", "{7728A9F6-71EF-4802-A645-A41BC2AA05F2}"
EndProject
Global
	GlobalSection(SolutionConfigurationPlatforms) = preSolution
		Debug|Any CPU = Debug|Any CPU
		Release|Any CPU = Release|Any CPU
	EndGlobalSection
	GlobalSection(ProjectConfigurationPlatforms) = postSolution
		{D7CAA6EE-DBB8-46CC-96E3-388DDCF70076}.Debug|Any CPU.ActiveCfg = Debug|Any CPU
		{D7CAA6EE-DBB8-46CC-96E3-388DDCF70076}.Debug|Any CPU.Build.0 = Debug|Any CPU
		{D7CAA6EE-DBB8-46CC-96E3-388DDCF70076}.Release|Any CPU.ActiveCfg = Release|Any CPU
		{D7CAA6EE-DBB8-46CC-96E3-388DDCF70076}.Release|Any CPU.Build.0 = Release|Any CPU
		{1B349C65-DF31-4B61-A64F-46B92A24D6CE}.Debug|Any CPU.ActiveCfg = Debug|Any CPU
		{1B349C65-DF31-4B61-A64F-46B92A24D6CE}.Debug|Any CPU.Build.0 = Debug|Any CPU
		{1B349C65-DF31-4B61-A64F-46B92A24D6CE}.Release|Any CPU.ActiveCfg = Release|Any CPU
		{1B349C65-DF31-4B61-A64F-46B92A24D6CE}.Release|Any CPU.Build.0 = Release|Any CPU
		{7728A9F6-71EF-4802-A645-A41BC2AA05F2}.Debug|Any CPU.ActiveCfg = Debug|Any CPU
		{7728A9F6-71EF-4802-A645-A41BC2AA05F2}.Debug|Any CPU.Build.0 = Debug|Any CPU
		{7728A9F6-71EF-4802-A645-A41BC2AA05F2}.Release|Any CPU.ActiveCfg = Release|Any CPU
		{7728A9F6-71EF-4802-A645-A41BC2AA05F2}.Release|Any CPU.Build.0 = Release|Any CPU
	EndGlobalSection
	GlobalSection(SolutionProperties) = preSolution
		HideSolutionNode = FALSE
	EndGlobalSection
	GlobalSection(ExtensibilityGlobals) = postSolution
		SolutionGuid = {A0FD2F2B-BFFD-476B-AAE6-8638BABFD4EB}
	EndGlobalSection
EndGlobal
